// !$*UTF8*$!
{
	archiveVersion = 1;
	classes = {
	};
	objectVersion = 55;
	objects = {

/* Begin PBXBuildFile section */
		C1EB8F6B284F96AF005FD25E /* AppDelegate.swift in Sources */ = {isa = PBXBuildFile; fileRef = C1EB8F6A284F96AF005FD25E /* AppDelegate.swift */; };
		C1EB8F6D284F96AF005FD25E /* SceneDelegate.swift in Sources */ = {isa = PBXBuildFile; fileRef = C1EB8F6C284F96AF005FD25E /* SceneDelegate.swift */; };
		C1EB8F6F284F96AF005FD25E /* ViewController.swift in Sources */ = {isa = PBXBuildFile; fileRef = C1EB8F6E284F96AF005FD25E /* ViewController.swift */; };
		C1EB8F72284F96AF005FD25E /* Main.storyboard in Resources */ = {isa = PBXBuildFile; fileRef = C1EB8F70284F96AF005FD25E /* Main.storyboard */; };
		C1EB8F74284F96B1005FD25E /* Assets.xcassets in Resources */ = {isa = PBXBuildFile; fileRef = C1EB8F73284F96B1005FD25E /* Assets.xcassets */; };
		C1EB8F77284F96B1005FD25E /* LaunchScreen.storyboard in Resources */ = {isa = PBXBuildFile; fileRef = C1EB8F75284F96B1005FD25E /* LaunchScreen.storyboard */; };
		C1EB8F82284F96B1005FD25E /* gittestTests.swift in Sources */ = {isa = PBXBuildFile; fileRef = C1EB8F81284F96B1005FD25E /* gittestTests.swift */; };
		C1EB8F8C284F96B1005FD25E /* gittestUITests.swift in Sources */ = {isa = PBXBuildFile; fileRef = C1EB8F8B284F96B1005FD25E /* gittestUITests.swift */; };
		C1EB8F8E284F96B1005FD25E /* gittestUITestsLaunchTests.swift in Sources */ = {isa = PBXBuildFile; fileRef = C1EB8F8D284F96B1005FD25E /* gittestUITestsLaunchTests.swift */; };
/* End PBXBuildFile section */

/* Begin PBXContainerItemProxy section */
		C1EB8F7E284F96B1005FD25E /* PBXContainerItemProxy */ = {
			isa = PBXContainerItemProxy;
			containerPortal = C1EB8F5F284F96AF005FD25E /* Project object */;
			proxyType = 1;
			remoteGlobalIDString = C1EB8F66284F96AF005FD25E;
			remoteInfo = gittest;
		};
		C1EB8F88284F96B1005FD25E /* PBXContainerItemProxy */ = {
			isa = PBXContainerItemProxy;
			containerPortal = C1EB8F5F284F96AF005FD25E /* Project object */;
			proxyType = 1;
			remoteGlobalIDString = C1EB8F66284F96AF005FD25E;
			remoteInfo = gittest;
		};
/* End PBXContainerItemProxy section */

/* Begin PBXFileReference section */
		C1EB8F67284F96AF005FD25E /* gittest.app */ = {isa = PBXFileReference; explicitFileType = wrapper.application; includeInIndex = 0; path = gittest.app; sourceTree = BUILT_PRODUCTS_DIR; };
		C1EB8F6A284F96AF005FD25E /* AppDelegate.swift */ = {isa = PBXFileReference; lastKnownFileType = sourcecode.swift; path = AppDelegate.swift; sourceTree = "<group>"; };
		C1EB8F6C284F96AF005FD25E /* SceneDelegate.swift */ = {isa = PBXFileReference; lastKnownFileType = sourcecode.swift; path = SceneDelegate.swift; sourceTree = "<group>"; };
		C1EB8F6E284F96AF005FD25E /* ViewController.swift */ = {isa = PBXFileReference; lastKnownFileType = sourcecode.swift; path = ViewController.swift; sourceTree = "<group>"; };
		C1EB8F71284F96AF005FD25E /* Base */ = {isa = PBXFileReference; lastKnownFileType = file.storyboard; name = Base; path = Base.lproj/Main.storyboard; sourceTree = "<group>"; };
		C1EB8F73284F96B1005FD25E /* Assets.xcassets */ = {isa = PBXFileReference; lastKnownFileType = folder.assetcatalog; path = Assets.xcassets; sourceTree = "<group>"; };
		C1EB8F76284F96B1005FD25E /* Base */ = {isa = PBXFileReference; lastKnownFileType = file.storyboard; name = Base; path = Base.lproj/LaunchScreen.storyboard; sourceTree = "<group>"; };
		C1EB8F78284F96B1005FD25E /* Info.plist */ = {isa = PBXFileReference; lastKnownFileType = text.plist.xml; path = Info.plist; sourceTree = "<group>"; };
		C1EB8F7D284F96B1005FD25E /* gittestTests.xctest */ = {isa = PBXFileReference; explicitFileType = wrapper.cfbundle; includeInIndex = 0; path = gittestTests.xctest; sourceTree = BUILT_PRODUCTS_DIR; };
		C1EB8F81284F96B1005FD25E /* gittestTests.swift */ = {isa = PBXFileReference; lastKnownFileType = sourcecode.swift; path = gittestTests.swift; sourceTree = "<group>"; };
		C1EB8F87284F96B1005FD25E /* gittestUITests.xctest */ = {isa = PBXFileReference; explicitFileType = wrapper.cfbundle; includeInIndex = 0; path = gittestUITests.xctest; sourceTree = BUILT_PRODUCTS_DIR; };
		C1EB8F8B284F96B1005FD25E /* gittestUITests.swift */ = {isa = PBXFileReference; lastKnownFileType = sourcecode.swift; path = gittestUITests.swift; sourceTree = "<group>"; };
		C1EB8F8D284F96B1005FD25E /* gittestUITestsLaunchTests.swift */ = {isa = PBXFileReference; lastKnownFileType = sourcecode.swift; path = gittestUITestsLaunchTests.swift; sourceTree = "<group>"; };
/* End PBXFileReference section */

/* Begin PBXFrameworksBuildPhase section */
		C1EB8F64284F96AF005FD25E /* Frameworks */ = {
			isa = PBXFrameworksBuildPhase;
			buildActionMask = 2147483647;
			files = (
			);
			runOnlyForDeploymentPostprocessing = 0;
		};
		C1EB8F7A284F96B1005FD25E /* Frameworks */ = {
			isa = PBXFrameworksBuildPhase;
			buildActionMask = 2147483647;
			files = (
			);
			runOnlyForDeploymentPostprocessing = 0;
		};
		C1EB8F84284F96B1005FD25E /* Frameworks */ = {
			isa = PBXFrameworksBuildPhase;
			buildActionMask = 2147483647;
			files = (
			);
			runOnlyForDeploymentPostprocessing = 0;
		};
/* End PBXFrameworksBuildPhase section */

/* Begin PBXGroup section */
		C1EB8F5E284F96AF005FD25E = {
			isa = PBXGroup;
			children = (
				C1EB8F69284F96AF005FD25E /* gittest */,
				C1EB8F80284F96B1005FD25E /* gittestTests */,
				C1EB8F8A284F96B1005FD25E /* gittestUITests */,
				C1EB8F68284F96AF005FD25E /* Products */,
			);
			sourceTree = "<group>";
		};
		C1EB8F68284F96AF005FD25E /* Products */ = {
			isa = PBXGroup;
			children = (
				C1EB8F67284F96AF005FD25E /* gittest.app */,
				C1EB8F7D284F96B1005FD25E /* gittestTests.xctest */,
				C1EB8F87284F96B1005FD25E /* gittestUITests.xctest */,
			);
			name = Products;
			sourceTree = "<group>";
		};
		C1EB8F69284F96AF005FD25E /* gittest */ = {
			isa = PBXGroup;
			children = (
				C1EB8F6A284F96AF005FD25E /* AppDelegate.swift */,
				C1EB8F6C284F96AF005FD25E /* SceneDelegate.swift */,
				C1EB8F6E284F96AF005FD25E /* ViewController.swift */,
				C1EB8F70284F96AF005FD25E /* Main.storyboard */,
				C1EB8F73284F96B1005FD25E /* Assets.xcassets */,
				C1EB8F75284F96B1005FD25E /* LaunchScreen.storyboard */,
				C1EB8F78284F96B1005FD25E /* Info.plist */,
			);
			path = gittest;
			sourceTree = "<group>";
		};
		C1EB8F80284F96B1005FD25E /* gittestTests */ = {
			isa = PBXGroup;
			children = (
				C1EB8F81284F96B1005FD25E /* gittestTests.swift */,
			);
			path = gittestTests;
			sourceTree = "<group>";
		};
		C1EB8F8A284F96B1005FD25E /* gittestUITests */ = {
			isa = PBXGroup;
			children = (
				C1EB8F8B284F96B1005FD25E /* gittestUITests.swift */,
				C1EB8F8D284F96B1005FD25E /* gittestUITestsLaunchTests.swift */,
			);
			path = gittestUITests;
			sourceTree = "<group>";
		};
/* End PBXGroup section */

/* Begin PBXNativeTarget section */
		C1EB8F66284F96AF005FD25E /* gittest */ = {
			isa = PBXNativeTarget;
			buildConfigurationList = C1EB8F91284F96B1005FD25E /* Build configuration list for PBXNativeTarget "gittest" */;
			buildPhases = (
				C1EB8F63284F96AF005FD25E /* Sources */,
				C1EB8F64284F96AF005FD25E /* Frameworks */,
				C1EB8F65284F96AF005FD25E /* Resources */,
			);
			buildRules = (
			);
			dependencies = (
			);
			name = gittest;
			productName = gittest;
			productReference = C1EB8F67284F96AF005FD25E /* gittest.app */;
			productType = "com.apple.product-type.application";
		};
		C1EB8F7C284F96B1005FD25E /* gittestTests */ = {
			isa = PBXNativeTarget;
			buildConfigurationList = C1EB8F94284F96B1005FD25E /* Build configuration list for PBXNativeTarget "gittestTests" */;
			buildPhases = (
				C1EB8F79284F96B1005FD25E /* Sources */,
				C1EB8F7A284F96B1005FD25E /* Frameworks */,
				C1EB8F7B284F96B1005FD25E /* Resources */,
			);
			buildRules = (
			);
			dependencies = (
				C1EB8F7F284F96B1005FD25E /* PBXTargetDependency */,
			);
			name = gittestTests;
			productName = gittestTests;
			productReference = C1EB8F7D284F96B1005FD25E /* gittestTests.xctest */;
			productType = "com.apple.product-type.bundle.unit-test";
		};
		C1EB8F86284F96B1005FD25E /* gittestUITests */ = {
			isa = PBXNativeTarget;
			buildConfigurationList = C1EB8F97284F96B1005FD25E /* Build configuration list for PBXNativeTarget "gittestUITests" */;
			buildPhases = (
				C1EB8F83284F96B1005FD25E /* Sources */,
				C1EB8F84284F96B1005FD25E /* Frameworks */,
				C1EB8F85284F96B1005FD25E /* Resources */,
			);
			buildRules = (
			);
			dependencies = (
				C1EB8F89284F96B1005FD25E /* PBXTargetDependency */,
			);
			name = gittestUITests;
			productName = gittestUITests;
			productReference = C1EB8F87284F96B1005FD25E /* gittestUITests.xctest */;
			productType = "com.apple.product-type.bundle.ui-testing";
		};
/* End PBXNativeTarget section */

/* Begin PBXProject section */
		C1EB8F5F284F96AF005FD25E /* Project object */ = {
			isa = PBXProject;
			attributes = {
				BuildIndependentTargetsInParallel = 1;
				LastSwiftUpdateCheck = 1340;
				LastUpgradeCheck = 1340;
				TargetAttributes = {
					C1EB8F66284F96AF005FD25E = {
						CreatedOnToolsVersion = 13.4;
					};
					C1EB8F7C284F96B1005FD25E = {
						CreatedOnToolsVersion = 13.4;
						TestTargetID = C1EB8F66284F96AF005FD25E;
					};
					C1EB8F86284F96B1005FD25E = {
						CreatedOnToolsVersion = 13.4;
						TestTargetID = C1EB8F66284F96AF005FD25E;
					};
				};
			};
			buildConfigurationList = C1EB8F62284F96AF005FD25E /* Build configuration list for PBXProject "gittest" */;
			compatibilityVersion = "Xcode 13.0";
			developmentRegion = en;
			hasScannedForEncodings = 0;
			knownRegions = (
				en,
				Base,
			);
			mainGroup = C1EB8F5E284F96AF005FD25E;
			productRefGroup = C1EB8F68284F96AF005FD25E /* Products */;
			projectDirPath = "";
			projectRoot = "";
			targets = (
				C1EB8F66284F96AF005FD25E /* gittest */,
				C1EB8F7C284F96B1005FD25E /* gittestTests */,
				C1EB8F86284F96B1005FD25E /* gittestUITests */,
			);
		};
/* End PBXProject section */

/* Begin PBXResourcesBuildPhase section */
		C1EB8F65284F96AF005FD25E /* Resources */ = {
			isa = PBXResourcesBuildPhase;
			buildActionMask = 2147483647;
			files = (
				C1EB8F77284F96B1005FD25E /* LaunchScreen.storyboard in Resources */,
				C1EB8F74284F96B1005FD25E /* Assets.xcassets in Resources */,
				C1EB8F72284F96AF005FD25E /* Main.storyboard in Resources */,
			);
			runOnlyForDeploymentPostprocessing = 0;
		};
		C1EB8F7B284F96B1005FD25E /* Resources */ = {
			isa = PBXResourcesBuildPhase;
			buildActionMask = 2147483647;
			files = (
			);
			runOnlyForDeploymentPostprocessing = 0;
		};
		C1EB8F85284F96B1005FD25E /* Resources */ = {
			isa = PBXResourcesBuildPhase;
			buildActionMask = 2147483647;
			files = (
			);
			runOnlyForDeploymentPostprocessing = 0;
		};
/* End PBXResourcesBuildPhase section */

/* Begin PBXSourcesBuildPhase section */
		C1EB8F63284F96AF005FD25E /* Sources */ = {
			isa = PBXSourcesBuildPhase;
			buildActionMask = 2147483647;
			files = (
				C1EB8F6F284F96AF005FD25E /* ViewController.swift in Sources */,
				C1EB8F6B284F96AF005FD25E /* AppDelegate.swift in Sources */,
				C1EB8F6D284F96AF005FD25E /* SceneDelegate.swift in Sources */,
			);
			runOnlyForDeploymentPostprocessing = 0;
		};
		C1EB8F79284F96B1005FD25E /* Sources */ = {
			isa = PBXSourcesBuildPhase;
			buildActionMask = 2147483647;
			files = (
				C1EB8F82284F96B1005FD25E /* gittestTests.swift in Sources */,
			);
			runOnlyForDeploymentPostprocessing = 0;
		};
		C1EB8F83284F96B1005FD25E /* Sources */ = {
			isa = PBXSourcesBuildPhase;
			buildActionMask = 2147483647;
			files = (
				C1EB8F8C284F96B1005FD25E /* gittestUITests.swift in Sources */,
				C1EB8F8E284F96B1005FD25E /* gittestUITestsLaunchTests.swift in Sources */,
			);
			runOnlyForDeploymentPostprocessing = 0;
		};
/* End PBXSourcesBuildPhase section */

/* Begin PBXTargetDependency section */
		C1EB8F7F284F96B1005FD25E /* PBXTargetDependency */ = {
			isa = PBXTargetDependency;
			target = C1EB8F66284F96AF005FD25E /* gittest */;
			targetProxy = C1EB8F7E284F96B1005FD25E /* PBXContainerItemProxy */;
		};
		C1EB8F89284F96B1005FD25E /* PBXTargetDependency */ = {
			isa = PBXTargetDependency;
			target = C1EB8F66284F96AF005FD25E /* gittest */;
			targetProxy = C1EB8F88284F96B1005FD25E /* PBXContainerItemProxy */;
		};
/* End PBXTargetDependency section */

/* Begin PBXVariantGroup section */
		C1EB8F70284F96AF005FD25E /* Main.storyboard */ = {
			isa = PBXVariantGroup;
			children = (
				C1EB8F71284F96AF005FD25E /* Base */,
			);
			name = Main.storyboard;
			sourceTree = "<group>";
		};
		C1EB8F75284F96B1005FD25E /* LaunchScreen.storyboard */ = {
			isa = PBXVariantGroup;
			children = (
				C1EB8F76284F96B1005FD25E /* Base */,
			);
			name = LaunchScreen.storyboard;
			sourceTree = "<group>";
		};
/* End PBXVariantGroup section */

/* Begin XCBuildConfiguration section */
		C1EB8F8F284F96B1005FD25E /* Debug */ = {
			isa = XCBuildConfiguration;
			buildSettings = {
				ALWAYS_SEARCH_USER_PATHS = NO;
				CLANG_ANALYZER_NONNULL = YES;
				CLANG_ANALYZER_NUMBER_OBJECT_CONVERSION = YES_AGGRESSIVE;
				CLANG_CXX_LANGUAGE_STANDARD = "gnu++17";
				CLANG_ENABLE_MODULES = YES;
				CLANG_ENABLE_OBJC_ARC = YES;
				CLANG_ENABLE_OBJC_WEAK = YES;
				CLANG_WARN_BLOCK_CAPTURE_AUTORELEASING = YES;
				CLANG_WARN_BOOL_CONVERSION = YES;
				CLANG_WARN_COMMA = YES;
				CLANG_WARN_CONSTANT_CONVERSION = YES;
				CLANG_WARN_DEPRECATED_OBJC_IMPLEMENTATIONS = YES;
				CLANG_WARN_DIRECT_OBJC_ISA_USAGE = YES_ERROR;
				CLANG_WARN_DOCUMENTATION_COMMENTS = YES;
				CLANG_WARN_EMPTY_BODY = YES;
				CLANG_WARN_ENUM_CONVERSION = YES;
				CLANG_WARN_INFINITE_RECURSION = YES;
				CLANG_WARN_INT_CONVERSION = YES;
				CLANG_WARN_NON_LITERAL_NULL_CONVERSION = YES;
				CLANG_WARN_OBJC_IMPLICIT_RETAIN_SELF = YES;
				CLANG_WARN_OBJC_LITERAL_CONVERSION = YES;
				CLANG_WARN_OBJC_ROOT_CLASS = YES_ERROR;
				CLANG_WARN_QUOTED_INCLUDE_IN_FRAMEWORK_HEADER = YES;
				CLANG_WARN_RANGE_LOOP_ANALYSIS = YES;
				CLANG_WARN_STRICT_PROTOTYPES = YES;
				CLANG_WARN_SUSPICIOUS_MOVE = YES;
				CLANG_WARN_UNGUARDED_AVAILABILITY = YES_AGGRESSIVE;
				CLANG_WARN_UNREACHABLE_CODE = YES;
				CLANG_WARN__DUPLICATE_METHOD_MATCH = YES;
				COPY_PHASE_STRIP = NO;
				DEBUG_INFORMATION_FORMAT = dwarf;
				ENABLE_STRICT_OBJC_MSGSEND = YES;
				ENABLE_TESTABILITY = YES;
				GCC_C_LANGUAGE_STANDARD = gnu11;
				GCC_DYNAMIC_NO_PIC = NO;
				GCC_NO_COMMON_BLOCKS = YES;
				GCC_OPTIMIZATION_LEVEL = 0;
				GCC_PREPROCESSOR_DEFINITIONS = (
					"DEBUG=1",
					"$(inherited)",
				);
				GCC_WARN_64_TO_32_BIT_CONVERSION = YES;
				GCC_WARN_ABOUT_RETURN_TYPE = YES_ERROR;
				GCC_WARN_UNDECLARED_SELECTOR = YES;
				GCC_WARN_UNINITIALIZED_AUTOS = YES_AGGRESSIVE;
				GCC_WARN_UNUSED_FUNCTION = YES;
				GCC_WARN_UNUSED_VARIABLE = YES;
				IPHONEOS_DEPLOYMENT_TARGET = 15.5;
				MTL_ENABLE_DEBUG_INFO = INCLUDE_SOURCE;
				MTL_FAST_MATH = YES;
				ONLY_ACTIVE_ARCH = YES;
				SDKROOT = iphoneos;
				SWIFT_ACTIVE_COMPILATION_CONDITIONS = DEBUG;
				SWIFT_OPTIMIZATION_LEVEL = "-Onone";
			};
			name = Debug;
		};
		C1EB8F90284F96B1005FD25E /* Release */ = {
			isa = XCBuildConfiguration;
			buildSettings = {
				ALWAYS_SEARCH_USER_PATHS = NO;
				CLANG_ANALYZER_NONNULL = YES;
				CLANG_ANALYZER_NUMBER_OBJECT_CONVERSION = YES_AGGRESSIVE;
				CLANG_CXX_LANGUAGE_STANDARD = "gnu++17";
				CLANG_ENABLE_MODULES = YES;
				CLANG_ENABLE_OBJC_ARC = YES;
				CLANG_ENABLE_OBJC_WEAK = YES;
				CLANG_WARN_BLOCK_CAPTURE_AUTORELEASING = YES;
				CLANG_WARN_BOOL_CONVERSION = YES;
				CLANG_WARN_COMMA = YES;
				CLANG_WARN_CONSTANT_CONVERSION = YES;
				CLANG_WARN_DEPRECATED_OBJC_IMPLEMENTATIONS = YES;
				CLANG_WARN_DIRECT_OBJC_ISA_USAGE = YES_ERROR;
				CLANG_WARN_DOCUMENTATION_COMMENTS = YES;
				CLANG_WARN_EMPTY_BODY = YES;
				CLANG_WARN_ENUM_CONVERSION = YES;
				CLANG_WARN_INFINITE_RECURSION = YES;
				CLANG_WARN_INT_CONVERSION = YES;
				CLANG_WARN_NON_LITERAL_NULL_CONVERSION = YES;
				CLANG_WARN_OBJC_IMPLICIT_RETAIN_SELF = YES;
				CLANG_WARN_OBJC_LITERAL_CONVERSION = YES;
				CLANG_WARN_OBJC_ROOT_CLASS = YES_ERROR;
				CLANG_WARN_QUOTED_INCLUDE_IN_FRAMEWORK_HEADER = YES;
				CLANG_WARN_RANGE_LOOP_ANALYSIS = YES;
				CLANG_WARN_STRICT_PROTOTYPES = YES;
				CLANG_WARN_SUSPICIOUS_MOVE = YES;
				CLANG_WARN_UNGUARDED_AVAILABILITY = YES_AGGRESSIVE;
				CLANG_WARN_UNREACHABLE_CODE = YES;
				CLANG_WARN__DUPLICATE_METHOD_MATCH = YES;
				COPY_PHASE_STRIP = NO;
				DEBUG_INFORMATION_FORMAT = "dwarf-with-dsym";
				ENABLE_NS_ASSERTIONS = NO;
				ENABLE_STRICT_OBJC_MSGSEND = YES;
				GCC_C_LANGUAGE_STANDARD = gnu11;
				GCC_NO_COMMON_BLOCKS = YES;
				GCC_WARN_64_TO_32_BIT_CONVERSION = YES;
				GCC_WARN_ABOUT_RETURN_TYPE = YES_ERROR;
				GCC_WARN_UNDECLARED_SELECTOR = YES;
				GCC_WARN_UNINITIALIZED_AUTOS = YES_AGGRESSIVE;
				GCC_WARN_UNUSED_FUNCTION = YES;
				GCC_WARN_UNUSED_VARIABLE = YES;
				IPHONEOS_DEPLOYMENT_TARGET = 15.5;
				MTL_ENABLE_DEBUG_INFO = NO;
				MTL_FAST_MATH = YES;
				SDKROOT = iphoneos;
				SWIFT_COMPILATION_MODE = wholemodule;
				SWIFT_OPTIMIZATION_LEVEL = "-O";
				VALIDATE_PRODUCT = YES;
			};
			name = Release;
		};
		C1EB8F92284F96B1005FD25E /* Debug */ = {
			isa = XCBuildConfiguration;
			buildSettings = {
				ASSETCATALOG_COMPILER_APPICON_NAME = AppIcon;
				ASSETCATALOG_COMPILER_GLOBAL_ACCENT_COLOR_NAME = AccentColor;
				CODE_SIGN_STYLE = Automatic;
				CURRENT_PROJECT_VERSION = 1;
				GENERATE_INFOPLIST_FILE = YES;
				INFOPLIST_FILE = gittest/Info.plist;
				INFOPLIST_KEY_UIApplicationSupportsIndirectInputEvents = YES;
				INFOPLIST_KEY_UILaunchStoryboardName = LaunchScreen;
				INFOPLIST_KEY_UIMainStoryboardFile = Main;
				INFOPLIST_KEY_UISupportedInterfaceOrientations_iPad = "UIInterfaceOrientationPortrait UIInterfaceOrientationPortraitUpsideDown UIInterfaceOrientationLandscapeLeft UIInterfaceOrientationLandscapeRight";
				INFOPLIST_KEY_UISupportedInterfaceOrientations_iPhone = "UIInterfaceOrientationPortrait UIInterfaceOrientationLandscapeLeft UIInterfaceOrientationLandscapeRight";
				LD_RUNPATH_SEARCH_PATHS = (
					"$(inherited)",
					"@executable_path/Frameworks",
				);
				MARKETING_VERSION = 1.0;
				PRODUCT_BUNDLE_IDENTIFIER = bezzies.gittest;
				PRODUCT_NAME = "$(TARGET_NAME)";
				SWIFT_EMIT_LOC_STRINGS = YES;
				SWIFT_VERSION = 5.0;
				TARGETED_DEVICE_FAMILY = "1,2";
			};
			name = Debug;
		};
		C1EB8F93284F96B1005FD25E /* Release */ = {
			isa = XCBuildConfiguration;
			buildSettings = {
				ASSETCATALOG_COMPILER_APPICON_NAME = AppIcon;
				ASSETCATALOG_COMPILER_GLOBAL_ACCENT_COLOR_NAME = AccentColor;
				CODE_SIGN_STYLE = Automatic;
				CURRENT_PROJECT_VERSION = 1;
				GENERATE_INFOPLIST_FILE = YES;
				INFOPLIST_FILE = gittest/Info.plist;
				INFOPLIST_KEY_UIApplicationSupportsIndirectInputEvents = YES;
				INFOPLIST_KEY_UILaunchStoryboardName = LaunchScreen;
				INFOPLIST_KEY_UIMainStoryboardFile = Main;
				INFOPLIST_KEY_UISupportedInterfaceOrientations_iPad = "UIInterfaceOrientationPortrait UIInterfaceOrientationPortraitUpsideDown UIInterfaceOrientationLandscapeLeft UIInterfaceOrientationLandscapeRight";
				INFOPLIST_KEY_UISupportedInterfaceOrientations_iPhone = "UIInterfaceOrientationPortrait UIInterfaceOrientationLandscapeLeft UIInterfaceOrientationLandscapeRight";
				LD_RUNPATH_SEARCH_PATHS = (
					"$(inherited)",
					"@executable_path/Frameworks",
				);
				MARKETING_VERSION = 1.0;
				PRODUCT_BUNDLE_IDENTIFIER = bezzies.gittest;
				PRODUCT_NAME = "$(TARGET_NAME)";
				SWIFT_EMIT_LOC_STRINGS = YES;
				SWIFT_VERSION = 5.0;
				TARGETED_DEVICE_FAMILY = "1,2";
			};
			name = Release;
		};
		C1EB8F95284F96B1005FD25E /* Debug */ = {
			isa = XCBuildConfiguration;
			buildSettings = {
				ALWAYS_EMBED_SWIFT_STANDARD_LIBRARIES = YES;
				BUNDLE_LOADER = "$(TEST_HOST)";
				CODE_SIGN_STYLE = Automatic;
				CURRENT_PROJECT_VERSION = 1;
				GENERATE_INFOPLIST_FILE = YES;
				IPHONEOS_DEPLOYMENT_TARGET = 15.5;
				MARKETING_VERSION = 1.0;
				PRODUCT_BUNDLE_IDENTIFIER = bezzies.gittestTests;
				PRODUCT_NAME = "$(TARGET_NAME)";
				SWIFT_EMIT_LOC_STRINGS = NO;
				SWIFT_VERSION = 5.0;
				TARGETED_DEVICE_FAMILY = "1,2";
				TEST_HOST = "$(BUILT_PRODUCTS_DIR)/gittest.app/gittest";
			};
			name = Debug;
		};
		C1EB8F96284F96B1005FD25E /* Release */ = {
			isa = XCBuildConfiguration;
			buildSettings = {
				ALWAYS_EMBED_SWIFT_STANDARD_LIBRARIES = YES;
				BUNDLE_LOADER = "$(TEST_HOST)";
				CODE_SIGN_STYLE = Automatic;
				CURRENT_PROJECT_VERSION = 1;
				GENERATE_INFOPLIST_FILE = YES;
				IPHONEOS_DEPLOYMENT_TARGET = 15.5;
				MARKETING_VERSION = 1.0;
				PRODUCT_BUNDLE_IDENTIFIER = bezzies.gittestTests;
				PRODUCT_NAME = "$(TARGET_NAME)";
				SWIFT_EMIT_LOC_STRINGS = NO;
				SWIFT_VERSION = 5.0;
				TARGETED_DEVICE_FAMILY = "1,2";
				TEST_HOST = "$(BUILT_PRODUCTS_DIR)/gittest.app/gittest";
			};
			name = Release;
		};
		C1EB8F98284F96B1005FD25E /* Debug */ = {
			isa = XCBuildConfiguration;
			buildSettings = {
				ALWAYS_EMBED_SWIFT_STANDARD_LIBRARIES = YES;
				CODE_SIGN_STYLE = Automatic;
				CURRENT_PROJECT_VERSION = 1;
				GENERATE_INFOPLIST_FILE = YES;
				MARKETING_VERSION = 1.0;
				PRODUCT_BUNDLE_IDENTIFIER = bezzies.gittestUITests;
				PRODUCT_NAME = "$(TARGET_NAME)";
				SWIFT_EMIT_LOC_STRINGS = NO;
				SWIFT_VERSION = 5.0;
				TARGETED_DEVICE_FAMILY = "1,2";
				TEST_TARGET_NAME = gittest;
			};
			name = Debug;
		};
		C1EB8F99284F96B1005FD25E /* Release */ = {
			isa = XCBuildConfiguration;
			buildSettings = {
				ALWAYS_EMBED_SWIFT_STANDARD_LIBRARIES = YES;
				CODE_SIGN_STYLE = Automatic;
				CURRENT_PROJECT_VERSION = 1;
				GENERATE_INFOPLIST_FILE = YES;
				MARKETING_VERSION = 1.0;
				PRODUCT_BUNDLE_IDENTIFIER = bezzies.gittestUITests;
				PRODUCT_NAME = "$(TARGET_NAME)";
				SWIFT_EMIT_LOC_STRINGS = NO;
				SWIFT_VERSION = 5.0;
				TARGETED_DEVICE_FAMILY = "1,2";
				TEST_TARGET_NAME = gittest;
			};
			name = Release;
		};
/* End XCBuildConfiguration section */

/* Begin XCConfigurationList section */
		C1EB8F62284F96AF005FD25E /* Build configuration list for PBXProject "gittest" */ = {
			isa = XCConfigurationList;
			buildConfigurations = (
				C1EB8F8F284F96B1005FD25E /* Debug */,
				C1EB8F90284F96B1005FD25E /* Release */,
			);
			defaultConfigurationIsVisible = 0;
			defaultConfigurationName = Release;
		};
		C1EB8F91284F96B1005FD25E /* Build configuration list for PBXNativeTarget "gittest" */ = {
			isa = XCConfigurationList;
			buildConfigurations = (
				C1EB8F92284F96B1005FD25E /* Debug */,
				C1EB8F93284F96B1005FD25E /* Release */,
			);
			defaultConfigurationIsVisible = 0;
			defaultConfigurationName = Release;
		};
		C1EB8F94284F96B1005FD25E /* Build configuration list for PBXNativeTarget "gittestTests" */ = {
			isa = XCConfigurationList;
			buildConfigurations = (
				C1EB8F95284F96B1005FD25E /* Debug */,
				C1EB8F96284F96B1005FD25E /* Release */,
			);
			defaultConfigurationIsVisible = 0;
			defaultConfigurationName = Release;
		};
		C1EB8F97284F96B1005FD25E /* Build configuration list for PBXNativeTarget "gittestUITests" */ = {
			isa = XCConfigurationList;
			buildConfigurations = (
				C1EB8F98284F96B1005FD25E /* Debug */,
				C1EB8F99284F96B1005FD25E /* Release */,
			);
			defaultConfigurationIsVisible = 0;
			defaultConfigurationName = Release;
		};
/* End XCConfigurationList section */
	};
	rootObject = C1EB8F5F284F96AF005FD25E /* Project object */;
}
